
Microsoft Visual Studio Solution File, Format Version 12.00
# Visual Studio 15
VisualStudioVersion = 15.0.27428.2002
MinimumVisualStudioVersion = 10.0.40219.1
Project("{FAE04EC0-301F-11D3-BF4B-00C04F79EFBC}") = "Application.Service", "Application.Service\Application.Service.csproj", "{763E0A6B-EDBB-4FFD-97CB-2327D4BBA518}"
EndProject
Project("{FAE04EC0-301F-11D3-BF4B-00C04F79EFBC}") = "Application.Data", "Application.Data\Application.Data.csproj", "{100A95EC-7494-4781-BB39-860841A40D32}"
EndProject
Project("{FAE04EC0-301F-11D3-BF4B-00C04F79EFBC}") = "ApplicationWebApi", "ApplicationWebApi\ApplicationWebApi.csproj", "{78535AED-5820-47A0-BFF9-A3C78F44A279}"
EndProject
Global
	GlobalSection(SolutionConfigurationPlatforms) = preSolution
		Debug|Any CPU = Debug|Any CPU
		Release|Any CPU = Release|Any CPU
	EndGlobalSection
	GlobalSection(ProjectConfigurationPlatforms) = postSolution
		{763E0A6B-EDBB-4FFD-97CB-2327D4BBA518}.Debug|Any CPU.ActiveCfg = Debug|Any CPU
		{763E0A6B-EDBB-4FFD-97CB-2327D4BBA518}.Debug|Any CPU.Build.0 = Debug|Any CPU
		{763E0A6B-EDBB-4FFD-97CB-2327D4BBA518}.Release|Any CPU.ActiveCfg = Release|Any CPU
		{763E0A6B-EDBB-4FFD-97CB-2327D4BBA518}.Release|Any CPU.Build.0 = Release|Any CPU
		{100A95EC-7494-4781-BB39-860841A40D32}.Debug|Any CPU.ActiveCfg = Debug|Any CPU
		{100A95EC-7494-4781-BB39-860841A40D32}.Debug|Any CPU.Build.0 = Debug|Any CPU
		{100A95EC-7494-4781-BB39-860841A40D32}.Release|Any CPU.ActiveCfg = Release|Any CPU
		{100A95EC-7494-4781-BB39-860841A40D32}.Release|Any CPU.Build.0 = Release|Any CPU
		{78535AED-5820-47A0-BFF9-A3C78F44A279}.Debug|Any CPU.ActiveCfg = Debug|Any CPU
		{78535AED-5820-47A0-BFF9-A3C78F44A279}.Debug|Any CPU.Build.0 = Debug|Any CPU
		{78535AED-5820-47A0-BFF9-A3C78F44A279}.Release|Any CPU.ActiveCfg = Release|Any CPU
		{78535AED-5820-47A0-BFF9-A3C78F44A279}.Release|Any CPU.Build.0 = Release|Any CPU
	EndGlobalSection
	GlobalSection(SolutionProperties) = preSolution
		HideSolutionNode = FALSE
	EndGlobalSection
	GlobalSection(ExtensibilityGlobals) = postSolution
		SolutionGuid = {BFA15EC7-3F26-4F63-9ACE-5C714D9C3E0C}
	EndGlobalSection
EndGlobal
